
Microsoft Visual Studio Solution File, Format Version 12.00
# Visual Studio 15
VisualStudioVersion = 15.0.28307.572
MinimumVisualStudioVersion = 10.0.40219.1
Project("{8BC9CEB8-8B4A-11D0-8D11-00A0C91BC942}") = "Server", "Server\Server.vcxproj", "{A4052FE1-2D9E-4CF5-9DB8-E19242428BDB}"
EndProject
Project("{8BC9CEB8-8B4A-11D0-8D11-00A0C91BC942}") = "Client", "Client\Client.vcxproj", "{D342F9EB-EB0F-4279-8A5B-0A36091CB18D}"
EndProject
Global
	GlobalSection(SolutionConfigurationPlatforms) = preSolution
		Debug|x64 = Debug|x64
		Debug|x86 = Debug|x86
		Release|x64 = Release|x64
		Release|x86 = Release|x86
	EndGlobalSection
	GlobalSection(ProjectConfigurationPlatforms) = postSolution
		{A4052FE1-2D9E-4CF5-9DB8-E19242428BDB}.Debug|x64.ActiveCfg = Debug|x64
		{A4052FE1-2D9E-4CF5-9DB8-E19242428BDB}.Debug|x64.Build.0 = Debug|x64
		{A4052FE1-2D9E-4CF5-9DB8-E19242428BDB}.Debug|x86.ActiveCfg = Debug|Win32
		{A4052FE1-2D9E-4CF5-9DB8-E19242428BDB}.Debug|x86.Build.0 = Debug|Win32
		{A4052FE1-2D9E-4CF5-9DB8-E19242428BDB}.Release|x64.ActiveCfg = Release|x64
		{A4052FE1-2D9E-4CF5-9DB8-E19242428BDB}.Release|x64.Build.0 = Release|x64
		{A4052FE1-2D9E-4CF5-9DB8-E19242428BDB}.Release|x86.ActiveCfg = Release|Win32
		{A4052FE1-2D9E-4CF5-9DB8-E19242428BDB}.Release|x86.Build.0 = Release|Win32
		{D342F9EB-EB0F-4279-8A5B-0A36091CB18D}.Debug|x64.ActiveCfg = Debug|x64
		{D342F9EB-EB0F-4279-8A5B-0A36091CB18D}.Debug|x64.Build.0 = Debug|x64
		{D342F9EB-EB0F-4279-8A5B-0A36091CB18D}.Debug|x86.ActiveCfg = Debug|Win32
		{D342F9EB-EB0F-4279-8A5B-0A36091CB18D}.Debug|x86.Build.0 = Debug|Win32
		{D342F9EB-EB0F-4279-8A5B-0A36091CB18D}.Release|x64.ActiveCfg = Release|x64
		{D342F9EB-EB0F-4279-8A5B-0A36091CB18D}.Release|x64.Build.0 = Release|x64
		{D342F9EB-EB0F-4279-8A5B-0A36091CB18D}.Release|x86.ActiveCfg = Release|Win32
		{D342F9EB-EB0F-4279-8A5B-0A36091CB18D}.Release|x86.Build.0 = Release|Win32
	EndGlobalSection
	GlobalSection(SolutionProperties) = preSolution
		HideSolutionNode = FALSE
	EndGlobalSection
	GlobalSection(ExtensibilityGlobals) = postSolution
		SolutionGuid = {F74279BB-A55F-40F0-877E-B547D026D07B}
	EndGlobalSection
EndGlobal
