
Microsoft Visual Studio Solution File, Format Version 12.00
# Visual Studio 15
VisualStudioVersion = 15.0.28307.572
MinimumVisualStudioVersion = 10.0.40219.1
Project("{8BC9CEB8-8B4A-11D0-8D11-00A0C91BC942}") = "Main", "PobegailoOSLab1\PobegailoOSLab1.vcxproj", "{2066513D-FEA8-46E8-AA88-D156E7E3D216}"
EndProject
Project("{8BC9CEB8-8B4A-11D0-8D11-00A0C91BC942}") = "Creator", "Creator\Creator.vcxproj", "{E66DD91F-709E-4B66-AE20-E46A91CD1392}"
EndProject
Project("{8BC9CEB8-8B4A-11D0-8D11-00A0C91BC942}") = "Reporter", "Reporter\Reporter.vcxproj", "{3B884865-6B66-4C2A-B983-BEEA5A56FF27}"
EndProject
Global
	GlobalSection(SolutionConfigurationPlatforms) = preSolution
		Debug|x64 = Debug|x64
		Debug|x86 = Debug|x86
		Release|x64 = Release|x64
		Release|x86 = Release|x86
	EndGlobalSection
	GlobalSection(ProjectConfigurationPlatforms) = postSolution
		{2066513D-FEA8-46E8-AA88-D156E7E3D216}.Debug|x64.ActiveCfg = Debug|x64
		{2066513D-FEA8-46E8-AA88-D156E7E3D216}.Debug|x64.Build.0 = Debug|x64
		{2066513D-FEA8-46E8-AA88-D156E7E3D216}.Debug|x86.ActiveCfg = Debug|Win32
		{2066513D-FEA8-46E8-AA88-D156E7E3D216}.Debug|x86.Build.0 = Debug|Win32
		{2066513D-FEA8-46E8-AA88-D156E7E3D216}.Release|x64.ActiveCfg = Release|x64
		{2066513D-FEA8-46E8-AA88-D156E7E3D216}.Release|x64.Build.0 = Release|x64
		{2066513D-FEA8-46E8-AA88-D156E7E3D216}.Release|x86.ActiveCfg = Release|Win32
		{2066513D-FEA8-46E8-AA88-D156E7E3D216}.Release|x86.Build.0 = Release|Win32
		{E66DD91F-709E-4B66-AE20-E46A91CD1392}.Debug|x64.ActiveCfg = Debug|x64
		{E66DD91F-709E-4B66-AE20-E46A91CD1392}.Debug|x64.Build.0 = Debug|x64
		{E66DD91F-709E-4B66-AE20-E46A91CD1392}.Debug|x86.ActiveCfg = Debug|Win32
		{E66DD91F-709E-4B66-AE20-E46A91CD1392}.Debug|x86.Build.0 = Debug|Win32
		{E66DD91F-709E-4B66-AE20-E46A91CD1392}.Release|x64.ActiveCfg = Release|x64
		{E66DD91F-709E-4B66-AE20-E46A91CD1392}.Release|x64.Build.0 = Release|x64
		{E66DD91F-709E-4B66-AE20-E46A91CD1392}.Release|x86.ActiveCfg = Release|Win32
		{E66DD91F-709E-4B66-AE20-E46A91CD1392}.Release|x86.Build.0 = Release|Win32
		{3B884865-6B66-4C2A-B983-BEEA5A56FF27}.Debug|x64.ActiveCfg = Debug|x64
		{3B884865-6B66-4C2A-B983-BEEA5A56FF27}.Debug|x64.Build.0 = Debug|x64
		{3B884865-6B66-4C2A-B983-BEEA5A56FF27}.Debug|x86.ActiveCfg = Debug|Win32
		{3B884865-6B66-4C2A-B983-BEEA5A56FF27}.Debug|x86.Build.0 = Debug|Win32
		{3B884865-6B66-4C2A-B983-BEEA5A56FF27}.Release|x64.ActiveCfg = Release|x64
		{3B884865-6B66-4C2A-B983-BEEA5A56FF27}.Release|x64.Build.0 = Release|x64
		{3B884865-6B66-4C2A-B983-BEEA5A56FF27}.Release|x86.ActiveCfg = Release|Win32
		{3B884865-6B66-4C2A-B983-BEEA5A56FF27}.Release|x86.Build.0 = Release|Win32
	EndGlobalSection
	GlobalSection(SolutionProperties) = preSolution
		HideSolutionNode = FALSE
	EndGlobalSection
	GlobalSection(ExtensibilityGlobals) = postSolution
		SolutionGuid = {57C3E4B2-5FB0-4C19-8B01-163585B626ED}
	EndGlobalSection
EndGlobal
